
Microsoft Visual Studio Solution File, Format Version 12.00
# Visual Studio Version 17
VisualStudioVersion = 17.8.34330.188
MinimumVisualStudioVersion = 10.0.40219.1
Project("{FAE04EC0-301F-11D3-BF4B-00C04F79EFBC}") = "iStartWebAPI", "iStartWebAPI\iStartWebAPI.csproj", "{87C7A7CF-DA31-41A1-B056-8E50F00B729C}"
EndProject
Project("{FAE04EC0-301F-11D3-BF4B-00C04F79EFBC}") = "iStartWeb", "iStartWeb\iStartWeb.csproj", "{4338867C-EFFD-4ECB-86AC-4E51F3B1D5BB}"
EndProject
Global
	GlobalSection(SolutionConfigurationPlatforms) = preSolution
		Debug|Any CPU = Debug|Any CPU
		Release|Any CPU = Release|Any CPU
	EndGlobalSection
	GlobalSection(ProjectConfigurationPlatforms) = postSolution
		{87C7A7CF-DA31-41A1-B056-8E50F00B729C}.Debug|Any CPU.ActiveCfg = Debug|Any CPU
		{87C7A7CF-DA31-41A1-B056-8E50F00B729C}.Debug|Any CPU.Build.0 = Debug|Any CPU
		{87C7A7CF-DA31-41A1-B056-8E50F00B729C}.Release|Any CPU.ActiveCfg = Release|Any CPU
		{87C7A7CF-DA31-41A1-B056-8E50F00B729C}.Release|Any CPU.Build.0 = Release|Any CPU
		{4338867C-EFFD-4ECB-86AC-4E51F3B1D5BB}.Debug|Any CPU.ActiveCfg = Debug|Any CPU
		{4338867C-EFFD-4ECB-86AC-4E51F3B1D5BB}.Debug|Any CPU.Build.0 = Debug|Any CPU
		{4338867C-EFFD-4ECB-86AC-4E51F3B1D5BB}.Release|Any CPU.ActiveCfg = Release|Any CPU
		{4338867C-EFFD-4ECB-86AC-4E51F3B1D5BB}.Release|Any CPU.Build.0 = Release|Any CPU
	EndGlobalSection
	GlobalSection(SolutionProperties) = preSolution
		HideSolutionNode = FALSE
	EndGlobalSection
	GlobalSection(ExtensibilityGlobals) = postSolution
		SolutionGuid = {47CAE711-314E-405F-ACD5-9CA6F30A0D29}
	EndGlobalSection
EndGlobal
